
Microsoft Visual Studio Solution File, Format Version 12.00
Project("{FAE04EC0-301F-11D3-BF4B-00C04F79EFBC}") = "primeiro_codigo", "primeiro_codigo\primeiro_codigo.csproj", "{642FAB52-B3EF-4019-8314-A38065184541}"
EndProject
Project("{FAE04EC0-301F-11D3-BF4B-00C04F79EFBC}") = "aula01", "aula01\aula01.csproj", "{0653E2B4-CC23-4DAA-A902-A949F23219A4}"
EndProject
Project("{FAE04EC0-301F-11D3-BF4B-00C04F79EFBC}") = "aula02", "aula02\aula02.csproj", "{1C6E7E24-F629-45F7-85A1-E0835ECD58AC}"
EndProject
Project("{FAE04EC0-301F-11D3-BF4B-00C04F79EFBC}") = "aula03", "aula03\aula03.csproj", "{C281555C-8B43-4827-9E93-01F8F9DC1AC1}"
EndProject
Project("{FAE04EC0-301F-11D3-BF4B-00C04F79EFBC}") = "aula04", "aula04\aula04.csproj", "{D11C5BAF-A91C-406E-946D-162237CAC786}"
EndProject
Project("{FAE04EC0-301F-11D3-BF4B-00C04F79EFBC}") = "aula05", "aula05\aula05.csproj", "{2AF2BC46-C6AA-4DDE-802A-D8720547245B}"
EndProject
Project("{FAE04EC0-301F-11D3-BF4B-00C04F79EFBC}") = "aula06", "aula06\aula06.csproj", "{76704705-8820-48B3-A4FC-FEC9584EB186}"
EndProject
Project("{FAE04EC0-301F-11D3-BF4B-00C04F79EFBC}") = "aula06.1", "aula06.1\aula06.1.csproj", "{C1AD7A05-DC3E-4E23-86D6-B89F855D80CC}"
EndProject
Project("{FAE04EC0-301F-11D3-BF4B-00C04F79EFBC}") = "aula07", "aula07\aula07.csproj", "{DB610739-CAFB-4577-8C2F-9BC5936F5FD2}"
EndProject
Project("{FAE04EC0-301F-11D3-BF4B-00C04F79EFBC}") = "aula08", "aula08\aula08.csproj", "{E56815FC-C82F-4586-87A1-E00C62D45C7B}"
EndProject
Project("{FAE04EC0-301F-11D3-BF4B-00C04F79EFBC}") = "aula09", "aula09\aula09.csproj", "{6CAFD4E7-9043-4028-BA67-E04F437DD30A}"
EndProject
Project("{FAE04EC0-301F-11D3-BF4B-00C04F79EFBC}") = "aula10", "aula10\aula10.csproj", "{34D383E6-049D-4517-94E3-B9B97F86CA9F}"
EndProject
Project("{FAE04EC0-301F-11D3-BF4B-00C04F79EFBC}") = "aula11", "aula11\aula11.csproj", "{BCC3FF31-1905-444F-BF4F-DE56EDD95F7A}"
EndProject
Project("{FAE04EC0-301F-11D3-BF4B-00C04F79EFBC}") = "aula11.1", "aula11.1\aula11.1.csproj", "{48518946-CAA7-4AFF-9B86-D7F96B10BCBF}"
EndProject
Project("{FAE04EC0-301F-11D3-BF4B-00C04F79EFBC}") = "aula11.2", "aula11.2\aula11.2.csproj", "{84C71AF5-3CE6-4FF2-ABCF-0EE3270FDB11}"
EndProject
Project("{FAE04EC0-301F-11D3-BF4B-00C04F79EFBC}") = "aula12", "aula12\aula12.csproj", "{14ADBCA3-18C0-408C-94D0-64D074BA3208}"
EndProject
Global
	GlobalSection(SolutionConfigurationPlatforms) = preSolution
		Debug|Any CPU = Debug|Any CPU
		Release|Any CPU = Release|Any CPU
	EndGlobalSection
	GlobalSection(ProjectConfigurationPlatforms) = postSolution
		{642FAB52-B3EF-4019-8314-A38065184541}.Debug|Any CPU.ActiveCfg = Debug|Any CPU
		{642FAB52-B3EF-4019-8314-A38065184541}.Debug|Any CPU.Build.0 = Debug|Any CPU
		{642FAB52-B3EF-4019-8314-A38065184541}.Release|Any CPU.ActiveCfg = Release|Any CPU
		{642FAB52-B3EF-4019-8314-A38065184541}.Release|Any CPU.Build.0 = Release|Any CPU
		{0653E2B4-CC23-4DAA-A902-A949F23219A4}.Debug|Any CPU.ActiveCfg = Debug|Any CPU
		{0653E2B4-CC23-4DAA-A902-A949F23219A4}.Debug|Any CPU.Build.0 = Debug|Any CPU
		{0653E2B4-CC23-4DAA-A902-A949F23219A4}.Release|Any CPU.ActiveCfg = Release|Any CPU
		{0653E2B4-CC23-4DAA-A902-A949F23219A4}.Release|Any CPU.Build.0 = Release|Any CPU
		{1C6E7E24-F629-45F7-85A1-E0835ECD58AC}.Debug|Any CPU.ActiveCfg = Debug|Any CPU
		{1C6E7E24-F629-45F7-85A1-E0835ECD58AC}.Debug|Any CPU.Build.0 = Debug|Any CPU
		{1C6E7E24-F629-45F7-85A1-E0835ECD58AC}.Release|Any CPU.ActiveCfg = Release|Any CPU
		{1C6E7E24-F629-45F7-85A1-E0835ECD58AC}.Release|Any CPU.Build.0 = Release|Any CPU
		{C281555C-8B43-4827-9E93-01F8F9DC1AC1}.Debug|Any CPU.ActiveCfg = Debug|Any CPU
		{C281555C-8B43-4827-9E93-01F8F9DC1AC1}.Debug|Any CPU.Build.0 = Debug|Any CPU
		{C281555C-8B43-4827-9E93-01F8F9DC1AC1}.Release|Any CPU.ActiveCfg = Release|Any CPU
		{C281555C-8B43-4827-9E93-01F8F9DC1AC1}.Release|Any CPU.Build.0 = Release|Any CPU
		{D11C5BAF-A91C-406E-946D-162237CAC786}.Debug|Any CPU.ActiveCfg = Debug|Any CPU
		{D11C5BAF-A91C-406E-946D-162237CAC786}.Debug|Any CPU.Build.0 = Debug|Any CPU
		{D11C5BAF-A91C-406E-946D-162237CAC786}.Release|Any CPU.ActiveCfg = Release|Any CPU
		{D11C5BAF-A91C-406E-946D-162237CAC786}.Release|Any CPU.Build.0 = Release|Any CPU
		{2AF2BC46-C6AA-4DDE-802A-D8720547245B}.Debug|Any CPU.ActiveCfg = Debug|Any CPU
		{2AF2BC46-C6AA-4DDE-802A-D8720547245B}.Debug|Any CPU.Build.0 = Debug|Any CPU
		{2AF2BC46-C6AA-4DDE-802A-D8720547245B}.Release|Any CPU.ActiveCfg = Release|Any CPU
		{2AF2BC46-C6AA-4DDE-802A-D8720547245B}.Release|Any CPU.Build.0 = Release|Any CPU
		{76704705-8820-48B3-A4FC-FEC9584EB186}.Debug|Any CPU.ActiveCfg = Debug|Any CPU
		{76704705-8820-48B3-A4FC-FEC9584EB186}.Debug|Any CPU.Build.0 = Debug|Any CPU
		{76704705-8820-48B3-A4FC-FEC9584EB186}.Release|Any CPU.ActiveCfg = Release|Any CPU
		{76704705-8820-48B3-A4FC-FEC9584EB186}.Release|Any CPU.Build.0 = Release|Any CPU
		{C1AD7A05-DC3E-4E23-86D6-B89F855D80CC}.Debug|Any CPU.ActiveCfg = Debug|Any CPU
		{C1AD7A05-DC3E-4E23-86D6-B89F855D80CC}.Debug|Any CPU.Build.0 = Debug|Any CPU
		{C1AD7A05-DC3E-4E23-86D6-B89F855D80CC}.Release|Any CPU.ActiveCfg = Release|Any CPU
		{C1AD7A05-DC3E-4E23-86D6-B89F855D80CC}.Release|Any CPU.Build.0 = Release|Any CPU
		{DB610739-CAFB-4577-8C2F-9BC5936F5FD2}.Debug|Any CPU.ActiveCfg = Debug|Any CPU
		{DB610739-CAFB-4577-8C2F-9BC5936F5FD2}.Debug|Any CPU.Build.0 = Debug|Any CPU
		{DB610739-CAFB-4577-8C2F-9BC5936F5FD2}.Release|Any CPU.ActiveCfg = Release|Any CPU
		{DB610739-CAFB-4577-8C2F-9BC5936F5FD2}.Release|Any CPU.Build.0 = Release|Any CPU
		{E56815FC-C82F-4586-87A1-E00C62D45C7B}.Debug|Any CPU.ActiveCfg = Debug|Any CPU
		{E56815FC-C82F-4586-87A1-E00C62D45C7B}.Debug|Any CPU.Build.0 = Debug|Any CPU
		{E56815FC-C82F-4586-87A1-E00C62D45C7B}.Release|Any CPU.ActiveCfg = Release|Any CPU
		{E56815FC-C82F-4586-87A1-E00C62D45C7B}.Release|Any CPU.Build.0 = Release|Any CPU
		{6CAFD4E7-9043-4028-BA67-E04F437DD30A}.Debug|Any CPU.ActiveCfg = Debug|Any CPU
		{6CAFD4E7-9043-4028-BA67-E04F437DD30A}.Debug|Any CPU.Build.0 = Debug|Any CPU
		{6CAFD4E7-9043-4028-BA67-E04F437DD30A}.Release|Any CPU.ActiveCfg = Release|Any CPU
		{6CAFD4E7-9043-4028-BA67-E04F437DD30A}.Release|Any CPU.Build.0 = Release|Any CPU
		{34D383E6-049D-4517-94E3-B9B97F86CA9F}.Debug|Any CPU.ActiveCfg = Debug|Any CPU
		{34D383E6-049D-4517-94E3-B9B97F86CA9F}.Debug|Any CPU.Build.0 = Debug|Any CPU
		{34D383E6-049D-4517-94E3-B9B97F86CA9F}.Release|Any CPU.ActiveCfg = Release|Any CPU
		{34D383E6-049D-4517-94E3-B9B97F86CA9F}.Release|Any CPU.Build.0 = Release|Any CPU
		{BCC3FF31-1905-444F-BF4F-DE56EDD95F7A}.Debug|Any CPU.ActiveCfg = Debug|Any CPU
		{BCC3FF31-1905-444F-BF4F-DE56EDD95F7A}.Debug|Any CPU.Build.0 = Debug|Any CPU
		{BCC3FF31-1905-444F-BF4F-DE56EDD95F7A}.Release|Any CPU.ActiveCfg = Release|Any CPU
		{BCC3FF31-1905-444F-BF4F-DE56EDD95F7A}.Release|Any CPU.Build.0 = Release|Any CPU
		{48518946-CAA7-4AFF-9B86-D7F96B10BCBF}.Debug|Any CPU.ActiveCfg = Debug|Any CPU
		{48518946-CAA7-4AFF-9B86-D7F96B10BCBF}.Debug|Any CPU.Build.0 = Debug|Any CPU
		{48518946-CAA7-4AFF-9B86-D7F96B10BCBF}.Release|Any CPU.ActiveCfg = Release|Any CPU
		{48518946-CAA7-4AFF-9B86-D7F96B10BCBF}.Release|Any CPU.Build.0 = Release|Any CPU
		{84C71AF5-3CE6-4FF2-ABCF-0EE3270FDB11}.Debug|Any CPU.ActiveCfg = Debug|Any CPU
		{84C71AF5-3CE6-4FF2-ABCF-0EE3270FDB11}.Debug|Any CPU.Build.0 = Debug|Any CPU
		{84C71AF5-3CE6-4FF2-ABCF-0EE3270FDB11}.Release|Any CPU.ActiveCfg = Release|Any CPU
		{84C71AF5-3CE6-4FF2-ABCF-0EE3270FDB11}.Release|Any CPU.Build.0 = Release|Any CPU
		{14ADBCA3-18C0-408C-94D0-64D074BA3208}.Debug|Any CPU.ActiveCfg = Debug|Any CPU
		{14ADBCA3-18C0-408C-94D0-64D074BA3208}.Debug|Any CPU.Build.0 = Debug|Any CPU
		{14ADBCA3-18C0-408C-94D0-64D074BA3208}.Release|Any CPU.ActiveCfg = Release|Any CPU
		{14ADBCA3-18C0-408C-94D0-64D074BA3208}.Release|Any CPU.Build.0 = Release|Any CPU
	EndGlobalSection
EndGlobal
